
Microsoft Visual Studio Solution File, Format Version 12.00
# Visual Studio 14
VisualStudioVersion = 14.0.24720.0
MinimumVisualStudioVersion = 10.0.40219.1
Project("{FAE04EC0-301F-11D3-BF4B-00C04F79EFBC}") = "FizzBuzz", "FizzBuzz\FizzBuzz.csproj", "{CF07C666-956F-4A12-897A-708D1DAF35EE}"
	ProjectSection(ProjectDependencies) = postProject
		{2C6CA2D9-589D-4A84-A1F0-631E2D2A07E6} = {2C6CA2D9-589D-4A84-A1F0-631E2D2A07E6}
	EndProjectSection
EndProject
Project("{FAE04EC0-301F-11D3-BF4B-00C04F79EFBC}") = "IFizzBuzzWriter", "IFizzBuzzWriter\IFizzBuzzWriter.csproj", "{2C6CA2D9-589D-4A84-A1F0-631E2D2A07E6}"
EndProject
Project("{FAE04EC0-301F-11D3-BF4B-00C04F79EFBC}") = "IFizzBuzzDelegate", "IFizzBuzzDelegate\IFizzBuzzDelegate.csproj", "{C1CEF614-302C-47B7-82BA-D3E54E1338E0}"
EndProject
Project("{FAE04EC0-301F-11D3-BF4B-00C04F79EFBC}") = "Engine", "Engine\Engine.csproj", "{40A4CC49-4CDF-429F-B88B-53B5EB4A7639}"
EndProject
Project("{FAE04EC0-301F-11D3-BF4B-00C04F79EFBC}") = "IFizzBuzzAlgorithm", "IFizzBuzzAlgorithm\IFizzBuzzAlgorithm.csproj", "{0366B755-B4CD-414E-8F19-2619B373B843}"
EndProject
Project("{FAE04EC0-301F-11D3-BF4B-00C04F79EFBC}") = "AlgoEric", "AlgoEric\AlgoEric.csproj", "{BF220759-A1F0-4FB2-A6A1-AF1875E73B94}"
EndProject
Project("{FAE04EC0-301F-11D3-BF4B-00C04F79EFBC}") = "AlgoSean", "AlgoSean\AlgoSean.csproj", "{C8C35B55-9FB9-4FC2-9264-519F5FB3FBF2}"
EndProject
Project("{FAE04EC0-301F-11D3-BF4B-00C04F79EFBC}") = "Gotcha1", "Gotcha1\Gotcha1.csproj", "{FB9DAE90-A5C2-4A7C-9F60-B76E758AE5D4}"
EndProject
Project("{FAE04EC0-301F-11D3-BF4B-00C04F79EFBC}") = "WriterHtml", "WriterHtml\WriterHtml.csproj", "{F60244FE-315E-4DB7-A59E-20AD05FD9324}"
EndProject
Project("{FAE04EC0-301F-11D3-BF4B-00C04F79EFBC}") = "IEngine", "IEngine\IEngine.csproj", "{DB851F1F-4DFA-4DA9-A9D6-019B142D9F40}"
EndProject
Global
	GlobalSection(SolutionConfigurationPlatforms) = preSolution
		Debug|Any CPU = Debug|Any CPU
		Release|Any CPU = Release|Any CPU
	EndGlobalSection
	GlobalSection(ProjectConfigurationPlatforms) = postSolution
		{CF07C666-956F-4A12-897A-708D1DAF35EE}.Debug|Any CPU.ActiveCfg = Debug|Any CPU
		{CF07C666-956F-4A12-897A-708D1DAF35EE}.Debug|Any CPU.Build.0 = Debug|Any CPU
		{CF07C666-956F-4A12-897A-708D1DAF35EE}.Release|Any CPU.ActiveCfg = Release|Any CPU
		{CF07C666-956F-4A12-897A-708D1DAF35EE}.Release|Any CPU.Build.0 = Release|Any CPU
		{2C6CA2D9-589D-4A84-A1F0-631E2D2A07E6}.Debug|Any CPU.ActiveCfg = Debug|Any CPU
		{2C6CA2D9-589D-4A84-A1F0-631E2D2A07E6}.Debug|Any CPU.Build.0 = Debug|Any CPU
		{2C6CA2D9-589D-4A84-A1F0-631E2D2A07E6}.Release|Any CPU.ActiveCfg = Release|Any CPU
		{2C6CA2D9-589D-4A84-A1F0-631E2D2A07E6}.Release|Any CPU.Build.0 = Release|Any CPU
		{C1CEF614-302C-47B7-82BA-D3E54E1338E0}.Debug|Any CPU.ActiveCfg = Debug|Any CPU
		{C1CEF614-302C-47B7-82BA-D3E54E1338E0}.Debug|Any CPU.Build.0 = Debug|Any CPU
		{C1CEF614-302C-47B7-82BA-D3E54E1338E0}.Release|Any CPU.ActiveCfg = Release|Any CPU
		{C1CEF614-302C-47B7-82BA-D3E54E1338E0}.Release|Any CPU.Build.0 = Release|Any CPU
		{40A4CC49-4CDF-429F-B88B-53B5EB4A7639}.Debug|Any CPU.ActiveCfg = Debug|Any CPU
		{40A4CC49-4CDF-429F-B88B-53B5EB4A7639}.Debug|Any CPU.Build.0 = Debug|Any CPU
		{40A4CC49-4CDF-429F-B88B-53B5EB4A7639}.Release|Any CPU.ActiveCfg = Release|Any CPU
		{40A4CC49-4CDF-429F-B88B-53B5EB4A7639}.Release|Any CPU.Build.0 = Release|Any CPU
		{0366B755-B4CD-414E-8F19-2619B373B843}.Debug|Any CPU.ActiveCfg = Debug|Any CPU
		{0366B755-B4CD-414E-8F19-2619B373B843}.Debug|Any CPU.Build.0 = Debug|Any CPU
		{0366B755-B4CD-414E-8F19-2619B373B843}.Release|Any CPU.ActiveCfg = Release|Any CPU
		{0366B755-B4CD-414E-8F19-2619B373B843}.Release|Any CPU.Build.0 = Release|Any CPU
		{BF220759-A1F0-4FB2-A6A1-AF1875E73B94}.Debug|Any CPU.ActiveCfg = Debug|Any CPU
		{BF220759-A1F0-4FB2-A6A1-AF1875E73B94}.Debug|Any CPU.Build.0 = Debug|Any CPU
		{BF220759-A1F0-4FB2-A6A1-AF1875E73B94}.Release|Any CPU.ActiveCfg = Release|Any CPU
		{BF220759-A1F0-4FB2-A6A1-AF1875E73B94}.Release|Any CPU.Build.0 = Release|Any CPU
		{C8C35B55-9FB9-4FC2-9264-519F5FB3FBF2}.Debug|Any CPU.ActiveCfg = Debug|Any CPU
		{C8C35B55-9FB9-4FC2-9264-519F5FB3FBF2}.Debug|Any CPU.Build.0 = Debug|Any CPU
		{C8C35B55-9FB9-4FC2-9264-519F5FB3FBF2}.Release|Any CPU.ActiveCfg = Release|Any CPU
		{C8C35B55-9FB9-4FC2-9264-519F5FB3FBF2}.Release|Any CPU.Build.0 = Release|Any CPU
		{FB9DAE90-A5C2-4A7C-9F60-B76E758AE5D4}.Debug|Any CPU.ActiveCfg = Debug|Any CPU
		{FB9DAE90-A5C2-4A7C-9F60-B76E758AE5D4}.Debug|Any CPU.Build.0 = Debug|Any CPU
		{FB9DAE90-A5C2-4A7C-9F60-B76E758AE5D4}.Release|Any CPU.ActiveCfg = Release|Any CPU
		{FB9DAE90-A5C2-4A7C-9F60-B76E758AE5D4}.Release|Any CPU.Build.0 = Release|Any CPU
		{F60244FE-315E-4DB7-A59E-20AD05FD9324}.Debug|Any CPU.ActiveCfg = Debug|Any CPU
		{F60244FE-315E-4DB7-A59E-20AD05FD9324}.Debug|Any CPU.Build.0 = Debug|Any CPU
		{F60244FE-315E-4DB7-A59E-20AD05FD9324}.Release|Any CPU.ActiveCfg = Release|Any CPU
		{F60244FE-315E-4DB7-A59E-20AD05FD9324}.Release|Any CPU.Build.0 = Release|Any CPU
		{DB851F1F-4DFA-4DA9-A9D6-019B142D9F40}.Debug|Any CPU.ActiveCfg = Debug|Any CPU
		{DB851F1F-4DFA-4DA9-A9D6-019B142D9F40}.Debug|Any CPU.Build.0 = Debug|Any CPU
		{DB851F1F-4DFA-4DA9-A9D6-019B142D9F40}.Release|Any CPU.ActiveCfg = Release|Any CPU
		{DB851F1F-4DFA-4DA9-A9D6-019B142D9F40}.Release|Any CPU.Build.0 = Release|Any CPU
	EndGlobalSection
	GlobalSection(SolutionProperties) = preSolution
		HideSolutionNode = FALSE
	EndGlobalSection
EndGlobal
